
Microsoft Visual Studio Solution File, Format Version 12.00
# Visual Studio Version 16
VisualStudioVersion = 16.0.31205.134
MinimumVisualStudioVersion = 10.0.40219.1
Project("{2150E333-8FDC-42A3-9474-1A3956D46DE8}") = "src", "src", "{C1088028-D1AA-41DF-9003-6F4F1B081A0F}"
EndProject
Project("{2150E333-8FDC-42A3-9474-1A3956D46DE8}") = "Building Block", "Building Block", "{A969C31B-B28B-4127-9052-F46994747450}"
EndProject
Project("{2150E333-8FDC-42A3-9474-1A3956D46DE8}") = "Services", "Services", "{C8BD0AB2-58B5-4CA7-A327-3CFCF3A5D9A7}"
EndProject
Project("{2150E333-8FDC-42A3-9474-1A3956D46DE8}") = "Web", "Web", "{809BA9B7-B1D0-4204-A513-03F7BA895CE1}"
EndProject
Project("{2150E333-8FDC-42A3-9474-1A3956D46DE8}") = "Identidade", "Identidade", "{4481D71E-52A6-4364-B6EC-F2A8849CB35A}"
EndProject
Project("{2150E333-8FDC-42A3-9474-1A3956D46DE8}") = "Carrinho", "Carrinho", "{06D086CA-9D0B-4FBC-94AC-46A07E635514}"
EndProject
Project("{FAE04EC0-301F-11D3-BF4B-00C04F79EFBC}") = "NSE.Identidade.API", "src\services\NSE.Identidade.API\NSE.Identidade.API.csproj", "{14762268-0A1C-48D3-A9F1-05C4A0D632D2}"
EndProject
Project("{2150E333-8FDC-42A3-9474-1A3956D46DE8}") = "MVC", "MVC", "{F0381E9C-2363-44B9-9774-4B70D5E7C850}"
EndProject
Project("{FAE04EC0-301F-11D3-BF4B-00C04F79EFBC}") = "NSE.WepApp.MVC", "src\web\NSE.WepApp.MVC\NSE.WepApp.MVC.csproj", "{F1C05CDB-AF71-407E-8938-78E21F4E14BE}"
EndProject
Project("{2150E333-8FDC-42A3-9474-1A3956D46DE8}") = "Core", "Core", "{78D20D7B-AA6A-4CD7-AFFF-1475E1EB414F}"
EndProject
Project("{FAE04EC0-301F-11D3-BF4B-00C04F79EFBC}") = "NSE.Core", "src\building blocks\NSE.Core\NSE.Core.csproj", "{7138A8C0-0033-4ACB-B5EE-9DB73DAF5041}"
EndProject
Project("{2150E333-8FDC-42A3-9474-1A3956D46DE8}") = "Catalogo", "Catalogo", "{EC84EA08-8C32-46AA-A721-3694A9543728}"
EndProject
Project("{2150E333-8FDC-42A3-9474-1A3956D46DE8}") = "Cliente", "Cliente", "{86067DFE-E092-4373-BD6F-62E375A30E28}"
EndProject
Project("{2150E333-8FDC-42A3-9474-1A3956D46DE8}") = "Pedido", "Pedido", "{14B7951E-0CEE-45D6-9D3D-08CBAB6D092F}"
EndProject
Project("{2150E333-8FDC-42A3-9474-1A3956D46DE8}") = "Pagamento", "Pagamento", "{48DF094A-F06D-49A8-9C5B-A44872F20759}"
EndProject
Project("{FAE04EC0-301F-11D3-BF4B-00C04F79EFBC}") = "NSE.Carrinho.API", "src\services\NSE.Carrinho.API\NSE.Carrinho.API.csproj", "{39A8BF16-243C-413F-8D53-ADDACB518504}"
EndProject
Project("{FAE04EC0-301F-11D3-BF4B-00C04F79EFBC}") = "NSE.Catalogo.API", "src\services\NSE.Catalogo.API\NSE.Catalogo.API.csproj", "{9125E3B7-C536-4E2D-84A2-67367D920BE1}"
EndProject
Project("{FAE04EC0-301F-11D3-BF4B-00C04F79EFBC}") = "NSE.Cliente.API", "src\services\NSE.Cliente.API\NSE.Cliente.API.csproj", "{802C6873-6163-49E6-8A37-5706F2CD683E}"
EndProject
Project("{FAE04EC0-301F-11D3-BF4B-00C04F79EFBC}") = "NSE.Pagamento.API", "src\services\NSE.Pagamento.API\NSE.Pagamento.API.csproj", "{D99CD275-E67B-4D63-9425-A5B1D97A1994}"
EndProject
Project("{FAE04EC0-301F-11D3-BF4B-00C04F79EFBC}") = "NSE.Pedido.API", "src\services\NSE.Pedido.API\NSE.Pedido.API.csproj", "{31F9F0C9-40C8-4EB1-902E-8C13CF25B462}"
EndProject
Global
	GlobalSection(SolutionConfigurationPlatforms) = preSolution
		Debug|Any CPU = Debug|Any CPU
		Release|Any CPU = Release|Any CPU
	EndGlobalSection
	GlobalSection(ProjectConfigurationPlatforms) = postSolution
		{14762268-0A1C-48D3-A9F1-05C4A0D632D2}.Debug|Any CPU.ActiveCfg = Debug|Any CPU
		{14762268-0A1C-48D3-A9F1-05C4A0D632D2}.Debug|Any CPU.Build.0 = Debug|Any CPU
		{14762268-0A1C-48D3-A9F1-05C4A0D632D2}.Release|Any CPU.ActiveCfg = Release|Any CPU
		{14762268-0A1C-48D3-A9F1-05C4A0D632D2}.Release|Any CPU.Build.0 = Release|Any CPU
		{F1C05CDB-AF71-407E-8938-78E21F4E14BE}.Debug|Any CPU.ActiveCfg = Debug|Any CPU
		{F1C05CDB-AF71-407E-8938-78E21F4E14BE}.Debug|Any CPU.Build.0 = Debug|Any CPU
		{F1C05CDB-AF71-407E-8938-78E21F4E14BE}.Release|Any CPU.ActiveCfg = Release|Any CPU
		{F1C05CDB-AF71-407E-8938-78E21F4E14BE}.Release|Any CPU.Build.0 = Release|Any CPU
		{7138A8C0-0033-4ACB-B5EE-9DB73DAF5041}.Debug|Any CPU.ActiveCfg = Debug|Any CPU
		{7138A8C0-0033-4ACB-B5EE-9DB73DAF5041}.Debug|Any CPU.Build.0 = Debug|Any CPU
		{7138A8C0-0033-4ACB-B5EE-9DB73DAF5041}.Release|Any CPU.ActiveCfg = Release|Any CPU
		{7138A8C0-0033-4ACB-B5EE-9DB73DAF5041}.Release|Any CPU.Build.0 = Release|Any CPU
		{39A8BF16-243C-413F-8D53-ADDACB518504}.Debug|Any CPU.ActiveCfg = Debug|Any CPU
		{39A8BF16-243C-413F-8D53-ADDACB518504}.Debug|Any CPU.Build.0 = Debug|Any CPU
		{39A8BF16-243C-413F-8D53-ADDACB518504}.Release|Any CPU.ActiveCfg = Release|Any CPU
		{39A8BF16-243C-413F-8D53-ADDACB518504}.Release|Any CPU.Build.0 = Release|Any CPU
		{9125E3B7-C536-4E2D-84A2-67367D920BE1}.Debug|Any CPU.ActiveCfg = Debug|Any CPU
		{9125E3B7-C536-4E2D-84A2-67367D920BE1}.Debug|Any CPU.Build.0 = Debug|Any CPU
		{9125E3B7-C536-4E2D-84A2-67367D920BE1}.Release|Any CPU.ActiveCfg = Release|Any CPU
		{9125E3B7-C536-4E2D-84A2-67367D920BE1}.Release|Any CPU.Build.0 = Release|Any CPU
		{802C6873-6163-49E6-8A37-5706F2CD683E}.Debug|Any CPU.ActiveCfg = Debug|Any CPU
		{802C6873-6163-49E6-8A37-5706F2CD683E}.Debug|Any CPU.Build.0 = Debug|Any CPU
		{802C6873-6163-49E6-8A37-5706F2CD683E}.Release|Any CPU.ActiveCfg = Release|Any CPU
		{802C6873-6163-49E6-8A37-5706F2CD683E}.Release|Any CPU.Build.0 = Release|Any CPU
		{D99CD275-E67B-4D63-9425-A5B1D97A1994}.Debug|Any CPU.ActiveCfg = Debug|Any CPU
		{D99CD275-E67B-4D63-9425-A5B1D97A1994}.Debug|Any CPU.Build.0 = Debug|Any CPU
		{D99CD275-E67B-4D63-9425-A5B1D97A1994}.Release|Any CPU.ActiveCfg = Release|Any CPU
		{D99CD275-E67B-4D63-9425-A5B1D97A1994}.Release|Any CPU.Build.0 = Release|Any CPU
		{31F9F0C9-40C8-4EB1-902E-8C13CF25B462}.Debug|Any CPU.ActiveCfg = Debug|Any CPU
		{31F9F0C9-40C8-4EB1-902E-8C13CF25B462}.Debug|Any CPU.Build.0 = Debug|Any CPU
		{31F9F0C9-40C8-4EB1-902E-8C13CF25B462}.Release|Any CPU.ActiveCfg = Release|Any CPU
		{31F9F0C9-40C8-4EB1-902E-8C13CF25B462}.Release|Any CPU.Build.0 = Release|Any CPU
	EndGlobalSection
	GlobalSection(SolutionProperties) = preSolution
		HideSolutionNode = FALSE
	EndGlobalSection
	GlobalSection(NestedProjects) = preSolution
		{A969C31B-B28B-4127-9052-F46994747450} = {C1088028-D1AA-41DF-9003-6F4F1B081A0F}
		{C8BD0AB2-58B5-4CA7-A327-3CFCF3A5D9A7} = {C1088028-D1AA-41DF-9003-6F4F1B081A0F}
		{809BA9B7-B1D0-4204-A513-03F7BA895CE1} = {C1088028-D1AA-41DF-9003-6F4F1B081A0F}
		{4481D71E-52A6-4364-B6EC-F2A8849CB35A} = {C8BD0AB2-58B5-4CA7-A327-3CFCF3A5D9A7}
		{06D086CA-9D0B-4FBC-94AC-46A07E635514} = {C8BD0AB2-58B5-4CA7-A327-3CFCF3A5D9A7}
		{14762268-0A1C-48D3-A9F1-05C4A0D632D2} = {4481D71E-52A6-4364-B6EC-F2A8849CB35A}
		{F0381E9C-2363-44B9-9774-4B70D5E7C850} = {809BA9B7-B1D0-4204-A513-03F7BA895CE1}
		{F1C05CDB-AF71-407E-8938-78E21F4E14BE} = {F0381E9C-2363-44B9-9774-4B70D5E7C850}
		{78D20D7B-AA6A-4CD7-AFFF-1475E1EB414F} = {A969C31B-B28B-4127-9052-F46994747450}
		{7138A8C0-0033-4ACB-B5EE-9DB73DAF5041} = {78D20D7B-AA6A-4CD7-AFFF-1475E1EB414F}
		{EC84EA08-8C32-46AA-A721-3694A9543728} = {C8BD0AB2-58B5-4CA7-A327-3CFCF3A5D9A7}
		{86067DFE-E092-4373-BD6F-62E375A30E28} = {C8BD0AB2-58B5-4CA7-A327-3CFCF3A5D9A7}
		{14B7951E-0CEE-45D6-9D3D-08CBAB6D092F} = {C8BD0AB2-58B5-4CA7-A327-3CFCF3A5D9A7}
		{48DF094A-F06D-49A8-9C5B-A44872F20759} = {C8BD0AB2-58B5-4CA7-A327-3CFCF3A5D9A7}
		{39A8BF16-243C-413F-8D53-ADDACB518504} = {06D086CA-9D0B-4FBC-94AC-46A07E635514}
		{9125E3B7-C536-4E2D-84A2-67367D920BE1} = {EC84EA08-8C32-46AA-A721-3694A9543728}
		{802C6873-6163-49E6-8A37-5706F2CD683E} = {86067DFE-E092-4373-BD6F-62E375A30E28}
		{D99CD275-E67B-4D63-9425-A5B1D97A1994} = {48DF094A-F06D-49A8-9C5B-A44872F20759}
		{31F9F0C9-40C8-4EB1-902E-8C13CF25B462} = {14B7951E-0CEE-45D6-9D3D-08CBAB6D092F}
	EndGlobalSection
	GlobalSection(ExtensibilityGlobals) = postSolution
		SolutionGuid = {85C2765A-D445-44B4-B576-8CCEA4B01564}
	EndGlobalSection
EndGlobal
